{
  "name": "rsa",
  "version": "1.0.0",
  "lockfileVersion": 1,
  "requires": true,
  "dependencies": {
    "bigint-conversion": {
      "version": "2.1.1",
      "resolved": "https://registry.npmjs.org/bigint-conversion/-/bigint-conversion-2.1.1.tgz",
      "integrity": "sha512-nZbEecWm2CZV8piMNOyaJrOVg1FN824cNmZG14eR9lXDe9YP4iT+y/+OmKEo+Fil6cqL9KZSHQ1MGh7+7gYzMA=="
    },
    "bigint-crypto-utils": {
      "version": "2.4.7",
      "resolved": "https://registry.npmjs.org/bigint-crypto-utils/-/bigint-crypto-utils-2.4.7.tgz",
      "integrity": "sha512-xncjGjacUIBKvUTPssNlXujY3kSyu9tM5g3j1sTG8lnj6E6iPnMG8sctB7F4WKhGyTdPD1KqYD5V8RH1c49pwA=="
    },
    "fsevents": {
      "version": "2.1.2",
      "resolved": "https://registry.npmjs.org/fsevents/-/fsevents-2.1.2.tgz",
      "integrity": "sha512-R4wDiBwZ0KzpgOWetKDug1FZcYhqYnUYKtfZYt4mD5SBz76q0KR4Q9o7GIPamsVPGmW3EYPPJ0dOOjvx32ldZA==",
      "dev": true,
      "optional": true
    },
    "rollup": {
      "version": "2.0.6",
      "resolved": "https://registry.npmjs.org/rollup/-/rollup-2.0.6.tgz",
      "integrity": "sha512-P42IlI6a/bxh52ed8hEXXe44LcHfep2f26OZybMJPN1TTQftibvQEl3CWeOmJrzqGbFxOA000QXDWO9WJaOQpA==",
      "dev": true,
      "requires": {
        "fsevents": "~2.1.2"
      }
    },
    "typescript": {
      "version": "3.8.3",
      "resolved": "https://registry.npmjs.org/typescript/-/typescript-3.8.3.tgz",
      "integrity": "sha512-MYlEfn5VrLNsgudQTVJeNaQFUAI7DkhnOjdpAp4T+ku1TfQClewlbSuTVHiA+8skNBgaf02TL/kLOvig4y3G8w==",
      "dev": true
    }
  }
}
